
Microsoft Visual Studio Solution File, Format Version 12.00
# Visual Studio Version 16
VisualStudioVersion = 16.0.32106.194
MinimumVisualStudioVersion = 10.0.40219.1
Project("{FAE04EC0-301F-11D3-BF4B-00C04F79EFBC}") = "OXO", "OXO\OXO.csproj", "{5C3A9A88-89D0-4286-90B3-C8E376AA131A}"
EndProject
Global
	GlobalSection(SolutionConfigurationPlatforms) = preSolution
		Debug|Any CPU = Debug|Any CPU
		Release|Any CPU = Release|Any CPU
	EndGlobalSection
	GlobalSection(ProjectConfigurationPlatforms) = postSolution
		{5C3A9A88-89D0-4286-90B3-C8E376AA131A}.Debug|Any CPU.ActiveCfg = Debug|Any CPU
		{5C3A9A88-89D0-4286-90B3-C8E376AA131A}.Debug|Any CPU.Build.0 = Debug|Any CPU
		{5C3A9A88-89D0-4286-90B3-C8E376AA131A}.Release|Any CPU.ActiveCfg = Release|Any CPU
		{5C3A9A88-89D0-4286-90B3-C8E376AA131A}.Release|Any CPU.Build.0 = Release|Any CPU
	EndGlobalSection
	GlobalSection(SolutionProperties) = preSolution
		HideSolutionNode = FALSE
	EndGlobalSection
	GlobalSection(ExtensibilityGlobals) = postSolution
		SolutionGuid = {4EE59C43-7B4B-4AE5-A036-EBA325196AD7}
	EndGlobalSection
EndGlobal
